
Microsoft Visual Studio Solution File, Format Version 12.00
# Visual Studio Version 17
VisualStudioVersion = 17.3.32922.545
MinimumVisualStudioVersion = 10.0.40219.1
Project("{9A19103F-16F7-4668-BE54-9A1E7A4F7556}") = "Assignment1-1", "Assignment1-1\Assignment1-1.csproj", "{E6B92538-CF74-48BA-BAF0-B9B9461CF63A}"
EndProject
Project("{9A19103F-16F7-4668-BE54-9A1E7A4F7556}") = "Assignment1-2", "Assignment1-2\Assignment1-2.csproj", "{9424351D-AC6D-4716-B2DE-E8A4BC6F8878}"
EndProject
Global
	GlobalSection(SolutionConfigurationPlatforms) = preSolution
		Debug|Any CPU = Debug|Any CPU
		Release|Any CPU = Release|Any CPU
	EndGlobalSection
	GlobalSection(ProjectConfigurationPlatforms) = postSolution
		{E6B92538-CF74-48BA-BAF0-B9B9461CF63A}.Debug|Any CPU.ActiveCfg = Debug|Any CPU
		{E6B92538-CF74-48BA-BAF0-B9B9461CF63A}.Debug|Any CPU.Build.0 = Debug|Any CPU
		{E6B92538-CF74-48BA-BAF0-B9B9461CF63A}.Release|Any CPU.ActiveCfg = Release|Any CPU
		{E6B92538-CF74-48BA-BAF0-B9B9461CF63A}.Release|Any CPU.Build.0 = Release|Any CPU
		{9424351D-AC6D-4716-B2DE-E8A4BC6F8878}.Debug|Any CPU.ActiveCfg = Debug|Any CPU
		{9424351D-AC6D-4716-B2DE-E8A4BC6F8878}.Debug|Any CPU.Build.0 = Debug|Any CPU
		{9424351D-AC6D-4716-B2DE-E8A4BC6F8878}.Release|Any CPU.ActiveCfg = Release|Any CPU
		{9424351D-AC6D-4716-B2DE-E8A4BC6F8878}.Release|Any CPU.Build.0 = Release|Any CPU
	EndGlobalSection
	GlobalSection(SolutionProperties) = preSolution
		HideSolutionNode = FALSE
	EndGlobalSection
	GlobalSection(ExtensibilityGlobals) = postSolution
		SolutionGuid = {3AF2E637-2628-47B4-8DF7-A594B9012F16}
	EndGlobalSection
EndGlobal
